
Microsoft Visual Studio Solution File, Format Version 12.00
# Visual Studio Version 17
VisualStudioVersion = 17.7.34009.444
MinimumVisualStudioVersion = 10.0.40219.1
Project("{9A19103F-16F7-4668-BE54-9A1E7A4F7556}") = "MythicalCreatures", "MythicalCreatures.csproj", "{D3FFEDE0-AD83-422B-AD98-312D02A4B546}"
EndProject
Project("{FAE04EC0-301F-11D3-BF4B-00C04F79EFBC}") = "MythicalCreatures.UnitTests", "MythicalCreatures.UnitTests\MythicalCreatures.UnitTests.csproj", "{35886A81-F7C2-46D5-AF4E-58B8F82A737C}"
EndProject
Global
	GlobalSection(SolutionConfigurationPlatforms) = preSolution
		Debug|Any CPU = Debug|Any CPU
		Release|Any CPU = Release|Any CPU
	EndGlobalSection
	GlobalSection(ProjectConfigurationPlatforms) = postSolution
		{D3FFEDE0-AD83-422B-AD98-312D02A4B546}.Debug|Any CPU.ActiveCfg = Debug|Any CPU
		{D3FFEDE0-AD83-422B-AD98-312D02A4B546}.Debug|Any CPU.Build.0 = Debug|Any CPU
		{D3FFEDE0-AD83-422B-AD98-312D02A4B546}.Release|Any CPU.ActiveCfg = Release|Any CPU
		{D3FFEDE0-AD83-422B-AD98-312D02A4B546}.Release|Any CPU.Build.0 = Release|Any CPU
		{35886A81-F7C2-46D5-AF4E-58B8F82A737C}.Debug|Any CPU.ActiveCfg = Debug|Any CPU
		{35886A81-F7C2-46D5-AF4E-58B8F82A737C}.Debug|Any CPU.Build.0 = Debug|Any CPU
		{35886A81-F7C2-46D5-AF4E-58B8F82A737C}.Release|Any CPU.ActiveCfg = Release|Any CPU
		{35886A81-F7C2-46D5-AF4E-58B8F82A737C}.Release|Any CPU.Build.0 = Release|Any CPU
	EndGlobalSection
	GlobalSection(SolutionProperties) = preSolution
		HideSolutionNode = FALSE
	EndGlobalSection
	GlobalSection(ExtensibilityGlobals) = postSolution
		SolutionGuid = {E4034981-42AE-4BA2-B9BD-9D7212A7ACE0}
	EndGlobalSection
EndGlobal
